// !$*UTF8*$!
{
	archiveVersion = 1;
	classes = {
	};
	objectVersion = 46;
	objects = {

		02BD169911FA006A11160C23 = {isa = PBXBuildFile; fileRef = 02DC0DC315CB166A06A0027B ;};
		09BF185C1195072D02CE0127 = {isa = PBXBuildFile; fileRef = 17631486101911E60D08032B ;};
		041B0365143418E0184317FF = {isa = PBXBuildFile; fileRef = 18830EF41384015F070518F9 ;};

		08BF0B860F6A10D415CB0B61 = {isa = PBXBuildFile; fileRef = 151C172712C0026A00720C1B ; };
		0A3D067318F70E2C02860F25 = {isa = PBXBuildFile; fileRef = 0227028F07AE02F616E70C57 ; };
		18F5053B13AA110D09FF11A5 = {isa = PBXBuildFile; fileRef = 04F102A412170CE601A31140 ; };
		026800FF01DE0CB115890E56 = {isa = PBXBuildFile; fileRef = 15F60CF50C41086404F20B53 ; };
		09491255080B11C5072C0DBE = {isa = PBXBuildFile; fileRef = 0A4B0526089A0B1D18300D74 ; };
		01C412F40183066216141983 = {isa = PBXBuildFile; fileRef = 1568171A1625128515EC0B59 ; };
		04D408AB1616162703880FF1 = {isa = PBXBuildFile; fileRef = 07CF04C8001112030CC70E81 ; };
		10B206DF17B5188B170D14CE = {isa = PBXBuildFile; fileRef = 01470E9912EC06CD0C8B0F47 ; };
		04AA125415161805065A1027 = {isa = PBXBuildFile; fileRef = 126304D808B814F516440D5F ; };
		026800BA139D17120BB704D9 = {isa = PBXBuildFile; fileRef = 0F4B0D90189E0E1012CA18D5 ; };

		01650A64106D0DE717060450 = {isa = PBXFileReference; explicitFileType = "compiled.mach-o.dylib"; includeInIndex = 0; path = libTKXDEIGES.dylib; sourceTree = BUILT_PRODUCTS_DIR; };

		02DC0DC315CB166A06A0027B = {isa = PBXFileReference; fileEncoding = 4; lastKnownFileType = sourcecode.cpp.cpp; name = IGESCAFControl.cxx; path = ../../../src/IGESCAFControl/IGESCAFControl.cxx; sourceTree = "<group>"; };
		17631486101911E60D08032B = {isa = PBXFileReference; fileEncoding = 4; lastKnownFileType = sourcecode.cpp.cpp; name = IGESCAFControl_Reader.cxx; path = ../../../src/IGESCAFControl/IGESCAFControl_Reader.cxx; sourceTree = "<group>"; };
		18830EF41384015F070518F9 = {isa = PBXFileReference; fileEncoding = 4; lastKnownFileType = sourcecode.cpp.cpp; name = IGESCAFControl_Writer.cxx; path = ../../../src/IGESCAFControl/IGESCAFControl_Writer.cxx; sourceTree = "<group>"; };

		151C172712C0026A00720C1B = {isa = PBXFileReference; lastKnownFileType = file; name = libTKBRep.dylib; path = libTKBRep.dylib; sourceTree = "<group>"; };
		0227028F07AE02F616E70C57 = {isa = PBXFileReference; lastKnownFileType = file; name = libTKernel.dylib; path = libTKernel.dylib; sourceTree = "<group>"; };
		04F102A412170CE601A31140 = {isa = PBXFileReference; lastKnownFileType = file; name = libTKMath.dylib; path = libTKMath.dylib; sourceTree = "<group>"; };
		15F60CF50C41086404F20B53 = {isa = PBXFileReference; lastKnownFileType = file; name = libTKXSBase.dylib; path = libTKXSBase.dylib; sourceTree = "<group>"; };
		0A4B0526089A0B1D18300D74 = {isa = PBXFileReference; lastKnownFileType = file; name = libTKCDF.dylib; path = libTKCDF.dylib; sourceTree = "<group>"; };
		1568171A1625128515EC0B59 = {isa = PBXFileReference; lastKnownFileType = file; name = libTKLCAF.dylib; path = libTKLCAF.dylib; sourceTree = "<group>"; };
		07CF04C8001112030CC70E81 = {isa = PBXFileReference; lastKnownFileType = file; name = libTKG2d.dylib; path = libTKG2d.dylib; sourceTree = "<group>"; };
		01470E9912EC06CD0C8B0F47 = {isa = PBXFileReference; lastKnownFileType = file; name = libTKG3d.dylib; path = libTKG3d.dylib; sourceTree = "<group>"; };
		126304D808B814F516440D5F = {isa = PBXFileReference; lastKnownFileType = file; name = libTKXCAF.dylib; path = libTKXCAF.dylib; sourceTree = "<group>"; };
		0F4B0D90189E0E1012CA18D5 = {isa = PBXFileReference; lastKnownFileType = file; name = libTKIGES.dylib; path = libTKIGES.dylib; sourceTree = "<group>"; };

		00360B0318A600A205A10F84 = {
			isa = PBXFrameworksBuildPhase;
			buildActionMask = 2147483647;
			files = (
				08BF0B860F6A10D415CB0B61 ,
				0A3D067318F70E2C02860F25 ,
				18F5053B13AA110D09FF11A5 ,
				026800FF01DE0CB115890E56 ,
				09491255080B11C5072C0DBE ,
				01C412F40183066216141983 ,
				04D408AB1616162703880FF1 ,
				10B206DF17B5188B170D14CE ,
				04AA125415161805065A1027 ,
				026800BA139D17120BB704D9 ,

			);
			runOnlyForDeploymentPostprocessing = 0;
		};

		11840C9310D406420F261901 = {
			isa = PBXGroup;
			children = (
				02DC0DC315CB166A06A0027B ,
				17631486101911E60D08032B ,
				18830EF41384015F070518F9 ,
			);
			name = IGESCAFControl;
			sourceTree = "<group>";
		};

		18D603F8067C05250EC403E5 = {
			isa = PBXGroup;
			children = (
				151C172712C0026A00720C1B ,
				0227028F07AE02F616E70C57 ,
				04F102A412170CE601A31140 ,
				15F60CF50C41086404F20B53 ,
				0A4B0526089A0B1D18300D74 ,
				1568171A1625128515EC0B59 ,
				07CF04C8001112030CC70E81 ,
				01470E9912EC06CD0C8B0F47 ,
				126304D808B814F516440D5F ,
				0F4B0D90189E0E1012CA18D5 ,

				081E0DAF0EE319430E1F0805 ,
				01650A64106D0DE717060450 ,
			);
			sourceTree = "<group>";
		};
		081E0DAF0EE319430E1F0805 = {
			isa = PBXGroup;
			children = (
				11840C9310D406420F261901 ,
			);
			name = "Source files";
			sourceTree = "<group>";
		};

		06F609601609056B055314B8 = {
			isa = PBXHeadersBuildPhase;
			buildActionMask = 2147483647;
			files = (
			);
			runOnlyForDeploymentPostprocessing = 0;
		};

		0F63062C18360C7513E90018 = {
			isa = PBXNativeTarget;
			buildConfigurationList = 0BF9057201950CB913C207DB ;
			buildPhases = (
				0919001E0C4E12280D630259 ,
				00360B0318A600A205A10F84 ,
				06F609601609056B055314B8 ,
			);
			buildRules = (
			);
			dependencies = (
			);
			name = TKXDEIGES;
			productName = TKXDEIGES;
			productReference = 01650A64106D0DE717060450 ;
			productType = "com.apple.product-type.library.dynamic";
		};

		0EF603B30940107612B917B8 = {
			isa = PBXProject;
			attributes = {
				LastUpgradeCheck = 0430;
			};
			buildConfigurationList = 0FFA111C116713BB0BA3123A ;
			compatibilityVersion = "Xcode 3.2";
			developmentRegion = English;
			hasScannedForEncodings = 0;
			knownRegions = (
				en,
			);
			mainGroup = 18D603F8067C05250EC403E5;
			productRefGroup = 18D603F8067C05250EC403E5;
			projectDirPath = "";
			projectRoot = "";
			targets = (
				0F63062C18360C7513E90018 ,
			);
		};

		0919001E0C4E12280D630259 = {
			isa = PBXSourcesBuildPhase;
			buildActionMask = 2147483647;
			files = (
				02BD169911FA006A11160C23 ,
				09BF185C1195072D02CE0127 ,
				041B0365143418E0184317FF ,

			);
			runOnlyForDeploymentPostprocessing = 0;
		};

		07E7051C1719097F11D70F43 = {
			isa = XCBuildConfiguration;
			buildSettings = {
				DEBUG_INFORMATION_FORMAT = dwarf;
				ALWAYS_SEARCH_USER_PATHS = NO;
				ARCHS = "$(ARCHS_STANDARD_64_BIT)";
				CLANG_CXX_LIBRARY = "libc++";
				CLANG_CXX_LANGUAGE_STANDARD = "c++0x";
				COPY_PHASE_STRIP = NO;
				GCC_C_LANGUAGE_STANDARD = gnu99;
				GCC_DYNAMIC_NO_PIC = NO;
				GCC_ENABLE_OBJC_EXCEPTIONS = YES;
				GCC_OPTIMIZATION_LEVEL = 0;
				GCC_PREPROCESSOR_DEFINITIONS = (
					"DEBUG=1",
					"$(inherited)",
				);
				GCC_SYMBOLS_PRIVATE_EXTERN = NO;
				GCC_VERSION = com.apple.compilers.llvm.clang.1_0;
				GCC_WARN_64_TO_32_BIT_CONVERSION = YES;
				GCC_WARN_ABOUT_RETURN_TYPE = YES;
				GCC_WARN_UNINITIALIZED_AUTOS = YES;
				GCC_WARN_UNUSED_VARIABLE = YES;
				OTHER_LDFLAGS = "$(CSF_OPT_LNK64D)"; 
				ONLY_ACTIVE_ARCH = YES;
			};
			name = Debug;
		};
		0C3208C90C1A03AD0FE31771 = {
			isa = XCBuildConfiguration;
			buildSettings = {
				DEBUG_INFORMATION_FORMAT = "dwarf-with-dsym";
				ALWAYS_SEARCH_USER_PATHS = NO;
				ARCHS = "$(ARCHS_STANDARD_64_BIT)";
				CLANG_CXX_LIBRARY = "libc++";
				CLANG_CXX_LANGUAGE_STANDARD = "c++0x";
				COPY_PHASE_STRIP = YES;
				GCC_C_LANGUAGE_STANDARD = gnu99;
				GCC_ENABLE_OBJC_EXCEPTIONS = YES;
				DEAD_CODE_STRIPPING = NO;
				GCC_OPTIMIZATION_LEVEL = 2;
				GCC_VERSION = com.apple.compilers.llvm.clang.1_0;
				GCC_WARN_64_TO_32_BIT_CONVERSION = YES;
				GCC_WARN_ABOUT_RETURN_TYPE = YES;
				GCC_WARN_UNINITIALIZED_AUTOS = YES;
				GCC_WARN_UNUSED_VARIABLE = YES;
				OTHER_LDFLAGS = "$(CSF_OPT_LNK64)";
			};
			name = Release;
		};
		02C413DF0A22185F116811E3 = {
			isa = XCBuildConfiguration;
			buildSettings = {
				EXECUTABLE_EXTENSION = dylib;
				EXECUTABLE_PREFIX = lib;
				GCC_PREPROCESSOR_DEFINITIONS = (
					OCC_CONVERT_SIGNALS ,
				);
				HEADER_SEARCH_PATHS = (
					../../../inc,
					/usr/local/include,
					/Users/mnt/tools/WOK680/3rdparty/mac64/gl2ps/include,
					/Users/mnt/tools/WOK680/3rdparty/mac64/tbb42_20140416oss/include,
					/Users/mnt/tools/WOK680/3rdparty/mac64/FreeType2/include,
					/Users/mnt/tools/WOK680/3rdparty/mac64/FreeType2/include/freetype,
					/Users/mnt/tools/WOK680/3rdparty/mac64/FreeImage/include,
					/Users/mnt/builds/OCCT-750_OCCT-750/OCCT_SRC/inc,
					"$(CSF_OPT_INC)",
				);
				LIBRARY_SEARCH_PATHS = (
					/usr,
					/usr/lib,
					/Users/mnt/tools/WOK680/site/../3rdparty/mac64/gl2ps/lib,
					/Users/mnt/tools/WOK680/3rdparty/mac64/tbb42_20140416oss/lib,
					/Users/mnt/tools/WOK680/3rdparty/mac64/FreeImage/lib,
					/Users/mnt/tools/WOK680/3rdparty/mac64/FreeType2/lib,
					/Users/mnt/builds/OCCT-750_OCCT-750/OCCT_SRC/adm/mac/xcd/build/Release,
				);
				OTHER_CFLAGS = (
					"$(CSF_OPT_CMPL)",
				);
				OTHER_CPLUSPLUSFLAGS = (
					"$(OTHER_CFLAGS)",
				);
				PRODUCT_NAME = "$(TARGET_NAME)";
				USER_HEADER_SEARCH_PATHS = " ../../../inc /usr/local/include /Users/mnt/tools/WOK680/3rdparty/mac64/gl2ps/include /Users/mnt/tools/WOK680/3rdparty/mac64/tbb42_20140416oss/include /Users/mnt/tools/WOK680/3rdparty/mac64/FreeType2/include /Users/mnt/tools/WOK680/3rdparty/mac64/FreeType2/include/freetype /Users/mnt/tools/WOK680/3rdparty/mac64/FreeImage/include /Users/mnt/builds/OCCT-750_OCCT-750/OCCT_SRC/inc";
				WRAPPER_EXTENSION = dylib;
			};
			name = Debug;
		};
		00D31580093B0CB5119D03DD = {
			isa = XCBuildConfiguration;
			buildSettings = {
				EXECUTABLE_EXTENSION = dylib;
				EXECUTABLE_PREFIX = lib;
				GCC_PREPROCESSOR_DEFINITIONS = (
					OCC_CONVERT_SIGNALS ,
				);
				HEADER_SEARCH_PATHS = (
					../../../inc,
					/usr/local/include,
					/Users/mnt/tools/WOK680/3rdparty/mac64/gl2ps/include,
					/Users/mnt/tools/WOK680/3rdparty/mac64/tbb42_20140416oss/include,
					/Users/mnt/tools/WOK680/3rdparty/mac64/FreeType2/include,
					/Users/mnt/tools/WOK680/3rdparty/mac64/FreeType2/include/freetype,
					/Users/mnt/tools/WOK680/3rdparty/mac64/FreeImage/include,
					/Users/mnt/builds/OCCT-750_OCCT-750/OCCT_SRC/inc,
					"$(CSF_OPT_INC)",
				);
				LIBRARY_SEARCH_PATHS = (
					/usr,
					/usr/lib,
					/Users/mnt/tools/WOK680/site/../3rdparty/mac64/gl2ps/lib,
					/Users/mnt/tools/WOK680/3rdparty/mac64/tbb42_20140416oss/lib,
					/Users/mnt/tools/WOK680/3rdparty/mac64/FreeImage/lib,
					/Users/mnt/tools/WOK680/3rdparty/mac64/FreeType2/lib,
					/Users/mnt/builds/OCCT-750_OCCT-750/OCCT_SRC/adm/mac/xcd/build/Release,
				);
				OTHER_CFLAGS = (
					"$(CSF_OPT_CMPL)",
				);
				OTHER_CPLUSPLUSFLAGS = (
					"$(OTHER_CFLAGS)",
				);
				PRODUCT_NAME = "$(TARGET_NAME)";
				USER_HEADER_SEARCH_PATHS = " ../../../inc /usr/local/include /Users/mnt/tools/WOK680/3rdparty/mac64/gl2ps/include /Users/mnt/tools/WOK680/3rdparty/mac64/tbb42_20140416oss/include /Users/mnt/tools/WOK680/3rdparty/mac64/FreeType2/include /Users/mnt/tools/WOK680/3rdparty/mac64/FreeType2/include/freetype /Users/mnt/tools/WOK680/3rdparty/mac64/FreeImage/include /Users/mnt/builds/OCCT-750_OCCT-750/OCCT_SRC/inc";
				WRAPPER_EXTENSION = dylib;
			};
			name = Release;
		};

		0FFA111C116713BB0BA3123A = {
			isa = XCConfigurationList;
		buildConfigurations = (
				07E7051C1719097F11D70F43 ,
				0C3208C90C1A03AD0FE31771 ,
			);
			defaultConfigurationIsVisible = 0;
			defaultConfigurationName = Release;
		};
		0BF9057201950CB913C207DB = {
			isa = XCConfigurationList;
			buildConfigurations = (
				02C413DF0A22185F116811E3 ,
				00D31580093B0CB5119D03DD ,
			);
			defaultConfigurationIsVisible = 0;
			defaultConfigurationName = Release;
		};

	};
	rootObject = 0EF603B30940107612B917B8 ;
}
