// !$*UTF8*$!
{
	archiveVersion = 1;
	classes = {
	};
	objectVersion = 46;
	objects = {

		0C9C13D213D008DF0E420D91 = {isa = PBXBuildFile; fileRef = 16DD008C13120CDD05BE1137 ;};
		138512A60BAA169705A81706 = {isa = PBXBuildFile; fileRef = 0D3818B4180814BA01A80555 ;};
		04AA041812E1092504A91354 = {isa = PBXBuildFile; fileRef = 017E0A60002F01670D950635 ;};
		0A3A12A401A916F206DD13BE = {isa = PBXBuildFile; fileRef = 0D4D082F069A03C8196B0E42 ;};
		04920113100D0AC10F171343 = {isa = PBXBuildFile; fileRef = 135715DD0DF00281153F0C5F ;};
		13D70BD6020005A70B2702E2 = {isa = PBXBuildFile; fileRef = 001B0EC409A2062C180F0F29 ;};

		08BF0B860F6A10D415CB0B61 = {isa = PBXBuildFile; fileRef = 151C172712C0026A00720C1B ; };
		1017148B0A96015408170437 = {isa = PBXBuildFile; fileRef = 01A609810E3907EE0F270EFA ; };
		0A3D067318F70E2C02860F25 = {isa = PBXBuildFile; fileRef = 0227028F07AE02F616E70C57 ; };
		18F5053B13AA110D09FF11A5 = {isa = PBXBuildFile; fileRef = 04F102A412170CE601A31140 ; };
		026800FF01DE0CB115890E56 = {isa = PBXBuildFile; fileRef = 15F60CF50C41086404F20B53 ; };
		061F0D400AC516D010A40774 = {isa = PBXBuildFile; fileRef = 15920C2C0E5C15A30D8A0263 ; };
		04D408AB1616162703880FF1 = {isa = PBXBuildFile; fileRef = 07CF04C8001112030CC70E81 ; };
		04AA0A3C0F4318C50F0114FB = {isa = PBXBuildFile; fileRef = 0FF3069D132F132B07571358 ; };
		14200011132518DF076B0A3D = {isa = PBXBuildFile; fileRef = 0E43158105690A42128E1845 ; };
		09491255080B11C5072C0DBE = {isa = PBXBuildFile; fileRef = 0A4B0526089A0B1D18300D74 ; };
		01C412F40183066216141983 = {isa = PBXBuildFile; fileRef = 1568171A1625128515EC0B59 ; };
		10B206DF17B5188B170D14CE = {isa = PBXBuildFile; fileRef = 01470E9912EC06CD0C8B0F47 ; };
		04AA125415161805065A1027 = {isa = PBXBuildFile; fileRef = 126304D808B814F516440D5F ; };
		0F78196B13D6137C06600404 = {isa = PBXBuildFile; fileRef = 00950EAE0CD616E0168B103B ; };
		11BC072918250DF9017E0A2B = {isa = PBXBuildFile; fileRef = 185311470C9F16EF039A03D1 ; };

		0D16135A1046034F091E1901 = {isa = PBXFileReference; explicitFileType = "compiled.mach-o.dylib"; includeInIndex = 0; path = libTKXDESTEP.dylib; sourceTree = BUILT_PRODUCTS_DIR; };

		16DD008C13120CDD05BE1137 = {isa = PBXFileReference; fileEncoding = 4; lastKnownFileType = sourcecode.cpp.cpp; name = STEPCAFControl_ActorWrite.cxx; path = ../../../src/STEPCAFControl/STEPCAFControl_ActorWrite.cxx; sourceTree = "<group>"; };
		0D3818B4180814BA01A80555 = {isa = PBXFileReference; fileEncoding = 4; lastKnownFileType = sourcecode.cpp.cpp; name = STEPCAFControl_Controller.cxx; path = ../../../src/STEPCAFControl/STEPCAFControl_Controller.cxx; sourceTree = "<group>"; };
		017E0A60002F01670D950635 = {isa = PBXFileReference; fileEncoding = 4; lastKnownFileType = sourcecode.cpp.cpp; name = STEPCAFControl_ExternFile.cxx; path = ../../../src/STEPCAFControl/STEPCAFControl_ExternFile.cxx; sourceTree = "<group>"; };
		0D4D082F069A03C8196B0E42 = {isa = PBXFileReference; fileEncoding = 4; lastKnownFileType = sourcecode.cpp.cpp; name = STEPCAFControl_GDTProperty.cxx; path = ../../../src/STEPCAFControl/STEPCAFControl_GDTProperty.cxx; sourceTree = "<group>"; };
		135715DD0DF00281153F0C5F = {isa = PBXFileReference; fileEncoding = 4; lastKnownFileType = sourcecode.cpp.cpp; name = STEPCAFControl_Reader.cxx; path = ../../../src/STEPCAFControl/STEPCAFControl_Reader.cxx; sourceTree = "<group>"; };
		001B0EC409A2062C180F0F29 = {isa = PBXFileReference; fileEncoding = 4; lastKnownFileType = sourcecode.cpp.cpp; name = STEPCAFControl_Writer.cxx; path = ../../../src/STEPCAFControl/STEPCAFControl_Writer.cxx; sourceTree = "<group>"; };

		151C172712C0026A00720C1B = {isa = PBXFileReference; lastKnownFileType = file; name = libTKBRep.dylib; path = libTKBRep.dylib; sourceTree = "<group>"; };
		01A609810E3907EE0F270EFA = {isa = PBXFileReference; lastKnownFileType = file; name = libTKSTEPAttr.dylib; path = libTKSTEPAttr.dylib; sourceTree = "<group>"; };
		0227028F07AE02F616E70C57 = {isa = PBXFileReference; lastKnownFileType = file; name = libTKernel.dylib; path = libTKernel.dylib; sourceTree = "<group>"; };
		04F102A412170CE601A31140 = {isa = PBXFileReference; lastKnownFileType = file; name = libTKMath.dylib; path = libTKMath.dylib; sourceTree = "<group>"; };
		15F60CF50C41086404F20B53 = {isa = PBXFileReference; lastKnownFileType = file; name = libTKXSBase.dylib; path = libTKXSBase.dylib; sourceTree = "<group>"; };
		15920C2C0E5C15A30D8A0263 = {isa = PBXFileReference; lastKnownFileType = file; name = libTKTopAlgo.dylib; path = libTKTopAlgo.dylib; sourceTree = "<group>"; };
		07CF04C8001112030CC70E81 = {isa = PBXFileReference; lastKnownFileType = file; name = libTKG2d.dylib; path = libTKG2d.dylib; sourceTree = "<group>"; };
		0FF3069D132F132B07571358 = {isa = PBXFileReference; lastKnownFileType = file; name = libTKCAF.dylib; path = libTKCAF.dylib; sourceTree = "<group>"; };
		0E43158105690A42128E1845 = {isa = PBXFileReference; lastKnownFileType = file; name = libTKSTEPBase.dylib; path = libTKSTEPBase.dylib; sourceTree = "<group>"; };
		0A4B0526089A0B1D18300D74 = {isa = PBXFileReference; lastKnownFileType = file; name = libTKCDF.dylib; path = libTKCDF.dylib; sourceTree = "<group>"; };
		1568171A1625128515EC0B59 = {isa = PBXFileReference; lastKnownFileType = file; name = libTKLCAF.dylib; path = libTKLCAF.dylib; sourceTree = "<group>"; };
		01470E9912EC06CD0C8B0F47 = {isa = PBXFileReference; lastKnownFileType = file; name = libTKG3d.dylib; path = libTKG3d.dylib; sourceTree = "<group>"; };
		126304D808B814F516440D5F = {isa = PBXFileReference; lastKnownFileType = file; name = libTKXCAF.dylib; path = libTKXCAF.dylib; sourceTree = "<group>"; };
		00950EAE0CD616E0168B103B = {isa = PBXFileReference; lastKnownFileType = file; name = libTKSTEP.dylib; path = libTKSTEP.dylib; sourceTree = "<group>"; };
		185311470C9F16EF039A03D1 = {isa = PBXFileReference; lastKnownFileType = file; name = libTKShHealing.dylib; path = libTKShHealing.dylib; sourceTree = "<group>"; };

		16551032040D0F6902461367 = {
			isa = PBXFrameworksBuildPhase;
			buildActionMask = 2147483647;
			files = (
				08BF0B860F6A10D415CB0B61 ,
				1017148B0A96015408170437 ,
				0A3D067318F70E2C02860F25 ,
				18F5053B13AA110D09FF11A5 ,
				026800FF01DE0CB115890E56 ,
				061F0D400AC516D010A40774 ,
				04D408AB1616162703880FF1 ,
				04AA0A3C0F4318C50F0114FB ,
				14200011132518DF076B0A3D ,
				09491255080B11C5072C0DBE ,
				01C412F40183066216141983 ,
				10B206DF17B5188B170D14CE ,
				04AA125415161805065A1027 ,
				0F78196B13D6137C06600404 ,
				11BC072918250DF9017E0A2B ,

			);
			runOnlyForDeploymentPostprocessing = 0;
		};

		0F4D05A301A600F804CF1389 = {
			isa = PBXGroup;
			children = (
				16DD008C13120CDD05BE1137 ,
				0D3818B4180814BA01A80555 ,
				017E0A60002F01670D950635 ,
				0D4D082F069A03C8196B0E42 ,
				135715DD0DF00281153F0C5F ,
				001B0EC409A2062C180F0F29 ,
			);
			name = STEPCAFControl;
			sourceTree = "<group>";
		};

		083B02D20F490737107D050E = {
			isa = PBXGroup;
			children = (
				151C172712C0026A00720C1B ,
				01A609810E3907EE0F270EFA ,
				0227028F07AE02F616E70C57 ,
				04F102A412170CE601A31140 ,
				15F60CF50C41086404F20B53 ,
				15920C2C0E5C15A30D8A0263 ,
				07CF04C8001112030CC70E81 ,
				0FF3069D132F132B07571358 ,
				0E43158105690A42128E1845 ,
				0A4B0526089A0B1D18300D74 ,
				1568171A1625128515EC0B59 ,
				01470E9912EC06CD0C8B0F47 ,
				126304D808B814F516440D5F ,
				00950EAE0CD616E0168B103B ,
				185311470C9F16EF039A03D1 ,

				12E01316060A152A17790815 ,
				0D16135A1046034F091E1901 ,
			);
			sourceTree = "<group>";
		};
		12E01316060A152A17790815 = {
			isa = PBXGroup;
			children = (
				0F4D05A301A600F804CF1389 ,
			);
			name = "Source files";
			sourceTree = "<group>";
		};

		16381419075607EB155A1967 = {
			isa = PBXHeadersBuildPhase;
			buildActionMask = 2147483647;
			files = (
			);
			runOnlyForDeploymentPostprocessing = 0;
		};

		04300E1A17F90C6709DD0C30 = {
			isa = PBXNativeTarget;
			buildConfigurationList = 15B500A4087012BE13D90436 ;
			buildPhases = (
				0CF50406136E141F14AE0C54 ,
				16551032040D0F6902461367 ,
				16381419075607EB155A1967 ,
			);
			buildRules = (
			);
			dependencies = (
			);
			name = TKXDESTEP;
			productName = TKXDESTEP;
			productReference = 0D16135A1046034F091E1901 ;
			productType = "com.apple.product-type.library.dynamic";
		};

		05C2065F0324197D05DC0284 = {
			isa = PBXProject;
			attributes = {
				LastUpgradeCheck = 0430;
			};
			buildConfigurationList = 00E00C490AC4048A12EE02B2 ;
			compatibilityVersion = "Xcode 3.2";
			developmentRegion = English;
			hasScannedForEncodings = 0;
			knownRegions = (
				en,
			);
			mainGroup = 083B02D20F490737107D050E;
			productRefGroup = 083B02D20F490737107D050E;
			projectDirPath = "";
			projectRoot = "";
			targets = (
				04300E1A17F90C6709DD0C30 ,
			);
		};

		0CF50406136E141F14AE0C54 = {
			isa = PBXSourcesBuildPhase;
			buildActionMask = 2147483647;
			files = (
				0C9C13D213D008DF0E420D91 ,
				138512A60BAA169705A81706 ,
				04AA041812E1092504A91354 ,
				0A3A12A401A916F206DD13BE ,
				04920113100D0AC10F171343 ,
				13D70BD6020005A70B2702E2 ,

			);
			runOnlyForDeploymentPostprocessing = 0;
		};

		08930985113E0DB911FF0408 = {
			isa = XCBuildConfiguration;
			buildSettings = {
				DEBUG_INFORMATION_FORMAT = dwarf;
				ALWAYS_SEARCH_USER_PATHS = NO;
				ARCHS = "$(ARCHS_STANDARD_64_BIT)";
				CLANG_CXX_LIBRARY = "libc++";
				CLANG_CXX_LANGUAGE_STANDARD = "c++0x";
				COPY_PHASE_STRIP = NO;
				GCC_C_LANGUAGE_STANDARD = gnu99;
				GCC_DYNAMIC_NO_PIC = NO;
				GCC_ENABLE_OBJC_EXCEPTIONS = YES;
				GCC_OPTIMIZATION_LEVEL = 0;
				GCC_PREPROCESSOR_DEFINITIONS = (
					"DEBUG=1",
					"$(inherited)",
				);
				GCC_SYMBOLS_PRIVATE_EXTERN = NO;
				GCC_VERSION = com.apple.compilers.llvm.clang.1_0;
				GCC_WARN_64_TO_32_BIT_CONVERSION = YES;
				GCC_WARN_ABOUT_RETURN_TYPE = YES;
				GCC_WARN_UNINITIALIZED_AUTOS = YES;
				GCC_WARN_UNUSED_VARIABLE = YES;
				OTHER_LDFLAGS = "$(CSF_OPT_LNK64D)"; 
				ONLY_ACTIVE_ARCH = YES;
			};
			name = Debug;
		};
		030306E00E4A09E308CE0C64 = {
			isa = XCBuildConfiguration;
			buildSettings = {
				DEBUG_INFORMATION_FORMAT = "dwarf-with-dsym";
				ALWAYS_SEARCH_USER_PATHS = NO;
				ARCHS = "$(ARCHS_STANDARD_64_BIT)";
				CLANG_CXX_LIBRARY = "libc++";
				CLANG_CXX_LANGUAGE_STANDARD = "c++0x";
				COPY_PHASE_STRIP = YES;
				GCC_C_LANGUAGE_STANDARD = gnu99;
				GCC_ENABLE_OBJC_EXCEPTIONS = YES;
				DEAD_CODE_STRIPPING = NO;
				GCC_OPTIMIZATION_LEVEL = 2;
				GCC_VERSION = com.apple.compilers.llvm.clang.1_0;
				GCC_WARN_64_TO_32_BIT_CONVERSION = YES;
				GCC_WARN_ABOUT_RETURN_TYPE = YES;
				GCC_WARN_UNINITIALIZED_AUTOS = YES;
				GCC_WARN_UNUSED_VARIABLE = YES;
				OTHER_LDFLAGS = "$(CSF_OPT_LNK64)";
			};
			name = Release;
		};
		000D00950EB80B2E1434036A = {
			isa = XCBuildConfiguration;
			buildSettings = {
				EXECUTABLE_EXTENSION = dylib;
				EXECUTABLE_PREFIX = lib;
				GCC_PREPROCESSOR_DEFINITIONS = (
					OCC_CONVERT_SIGNALS ,
				);
				HEADER_SEARCH_PATHS = (
					../../../inc,
					/usr/local/include,
					/Users/mnt/tools/WOK680/3rdparty/mac64/gl2ps/include,
					/Users/mnt/tools/WOK680/3rdparty/mac64/tbb42_20140416oss/include,
					/Users/mnt/tools/WOK680/3rdparty/mac64/FreeType2/include,
					/Users/mnt/tools/WOK680/3rdparty/mac64/FreeType2/include/freetype,
					/Users/mnt/tools/WOK680/3rdparty/mac64/FreeImage/include,
					/Users/mnt/builds/OCCT-750_OCCT-750/OCCT_SRC/inc,
					"$(CSF_OPT_INC)",
				);
				LIBRARY_SEARCH_PATHS = (
					/usr,
					/usr/lib,
					/Users/mnt/tools/WOK680/site/../3rdparty/mac64/gl2ps/lib,
					/Users/mnt/tools/WOK680/3rdparty/mac64/tbb42_20140416oss/lib,
					/Users/mnt/tools/WOK680/3rdparty/mac64/FreeImage/lib,
					/Users/mnt/tools/WOK680/3rdparty/mac64/FreeType2/lib,
					/Users/mnt/builds/OCCT-750_OCCT-750/OCCT_SRC/adm/mac/xcd/build/Release,
				);
				OTHER_CFLAGS = (
					"$(CSF_OPT_CMPL)",
				);
				OTHER_CPLUSPLUSFLAGS = (
					"$(OTHER_CFLAGS)",
				);
				PRODUCT_NAME = "$(TARGET_NAME)";
				USER_HEADER_SEARCH_PATHS = " ../../../inc /usr/local/include /Users/mnt/tools/WOK680/3rdparty/mac64/gl2ps/include /Users/mnt/tools/WOK680/3rdparty/mac64/tbb42_20140416oss/include /Users/mnt/tools/WOK680/3rdparty/mac64/FreeType2/include /Users/mnt/tools/WOK680/3rdparty/mac64/FreeType2/include/freetype /Users/mnt/tools/WOK680/3rdparty/mac64/FreeImage/include /Users/mnt/builds/OCCT-750_OCCT-750/OCCT_SRC/inc";
				WRAPPER_EXTENSION = dylib;
			};
			name = Debug;
		};
		083D0EB11961143A056518EC = {
			isa = XCBuildConfiguration;
			buildSettings = {
				EXECUTABLE_EXTENSION = dylib;
				EXECUTABLE_PREFIX = lib;
				GCC_PREPROCESSOR_DEFINITIONS = (
					OCC_CONVERT_SIGNALS ,
				);
				HEADER_SEARCH_PATHS = (
					../../../inc,
					/usr/local/include,
					/Users/mnt/tools/WOK680/3rdparty/mac64/gl2ps/include,
					/Users/mnt/tools/WOK680/3rdparty/mac64/tbb42_20140416oss/include,
					/Users/mnt/tools/WOK680/3rdparty/mac64/FreeType2/include,
					/Users/mnt/tools/WOK680/3rdparty/mac64/FreeType2/include/freetype,
					/Users/mnt/tools/WOK680/3rdparty/mac64/FreeImage/include,
					/Users/mnt/builds/OCCT-750_OCCT-750/OCCT_SRC/inc,
					"$(CSF_OPT_INC)",
				);
				LIBRARY_SEARCH_PATHS = (
					/usr,
					/usr/lib,
					/Users/mnt/tools/WOK680/site/../3rdparty/mac64/gl2ps/lib,
					/Users/mnt/tools/WOK680/3rdparty/mac64/tbb42_20140416oss/lib,
					/Users/mnt/tools/WOK680/3rdparty/mac64/FreeImage/lib,
					/Users/mnt/tools/WOK680/3rdparty/mac64/FreeType2/lib,
					/Users/mnt/builds/OCCT-750_OCCT-750/OCCT_SRC/adm/mac/xcd/build/Release,
				);
				OTHER_CFLAGS = (
					"$(CSF_OPT_CMPL)",
				);
				OTHER_CPLUSPLUSFLAGS = (
					"$(OTHER_CFLAGS)",
				);
				PRODUCT_NAME = "$(TARGET_NAME)";
				USER_HEADER_SEARCH_PATHS = " ../../../inc /usr/local/include /Users/mnt/tools/WOK680/3rdparty/mac64/gl2ps/include /Users/mnt/tools/WOK680/3rdparty/mac64/tbb42_20140416oss/include /Users/mnt/tools/WOK680/3rdparty/mac64/FreeType2/include /Users/mnt/tools/WOK680/3rdparty/mac64/FreeType2/include/freetype /Users/mnt/tools/WOK680/3rdparty/mac64/FreeImage/include /Users/mnt/builds/OCCT-750_OCCT-750/OCCT_SRC/inc";
				WRAPPER_EXTENSION = dylib;
			};
			name = Release;
		};

		00E00C490AC4048A12EE02B2 = {
			isa = XCConfigurationList;
		buildConfigurations = (
				08930985113E0DB911FF0408 ,
				030306E00E4A09E308CE0C64 ,
			);
			defaultConfigurationIsVisible = 0;
			defaultConfigurationName = Release;
		};
		15B500A4087012BE13D90436 = {
			isa = XCConfigurationList;
			buildConfigurations = (
				000D00950EB80B2E1434036A ,
				083D0EB11961143A056518EC ,
			);
			defaultConfigurationIsVisible = 0;
			defaultConfigurationName = Release;
		};

	};
	rootObject = 05C2065F0324197D05DC0284 ;
}
